# This file is automatically @generated by Cargo.
# It is not intended for manual editing.
version = 4

[[package]]
name = "fs-alloc"
version = "0.0.1"

[[package]]
name = "fs-exec"
version = "0.0.1"

[[package]]
name = "fs-fft"
version = "0.0.1"

[[package]]
name = "fs-ivl"
version = "0.0.1"

[[package]]
name = "fs-la"
version = "0.0.1"

[[package]]
name = "fs-math"
version = "0.0.1"

[[package]]
name = "fs-obs"
version = "0.0.1"

[[package]]
name = "fs-qty"
version = "0.0.1"

[[package]]
name = "fs-rand"
version = "0.0.1"

[[package]]
name = "fs-simd"
version = "0.0.1"

[[package]]
name = "fs-sparse"
version = "0.0.1"

[[package]]
name = "fs-substrate"
version = "0.0.1"

[[package]]
name = "xtask"
version = "0.0.1"

[[patch.unused]]
name = "fsqlite"
version = "0.1.14"

[[patch.unused]]
name = "fsqlite-ast"
version = "0.1.14"

[[patch.unused]]
name = "fsqlite-btree"
version = "0.1.14"

[[patch.unused]]
name = "fsqlite-core"
version = "0.1.14"

[[patch.unused]]
name = "fsqlite-error"
version = "0.1.14"

[[patch.unused]]
name = "fsqlite-ext-fts5"
version = "0.1.14"

[[patch.unused]]
name = "fsqlite-ext-icu"
version = "0.1.14"

[[patch.unused]]
name = "fsqlite-ext-json"
version = "0.1.14"

[[patch.unused]]
name = "fsqlite-ext-misc"
version = "0.1.14"

[[patch.unused]]
name = "fsqlite-ext-rtree"
version = "0.1.14"

[[patch.unused]]
name = "fsqlite-func"
version = "0.1.14"

[[patch.unused]]
name = "fsqlite-mvcc"
version = "0.1.14"

[[patch.unused]]
name = "fsqlite-observability"
version = "0.1.14"

[[patch.unused]]
name = "fsqlite-pager"
version = "0.1.14"

[[patch.unused]]
name = "fsqlite-parser"
version = "0.1.14"

[[patch.unused]]
name = "fsqlite-planner"
version = "0.1.14"

[[patch.unused]]
name = "fsqlite-types"
version = "0.1.14"

[[patch.unused]]
name = "fsqlite-vdbe"
version = "0.1.14"

[[patch.unused]]
name = "fsqlite-vfs"
version = "0.1.14"

[[patch.unused]]
name = "fsqlite-wal"
version = "0.1.14"
